// !$*UTF8*$!
{
	archiveVersion = 1;
	classes = {
	};
	objectVersion = 46;
	objects = {

/* Begin PBXBuildFile section */
		E7641F6021E58C9B00E5EC38 /* AppDelegate.swift in Sources */ = {isa = PBXBuildFile; fileRef = E7641F5F21E58C9B00E5EC38 /* AppDelegate.swift */; };
		E7641F6521E58C9C00E5EC38 /* Main.storyboard in Resources */ = {isa = PBXBuildFile; fileRef = E7641F6321E58C9C00E5EC38 /* Main.storyboard */; };
		E7641F6721E58C9C00E5EC38 /* Assets.xcassets in Resources */ = {isa = PBXBuildFile; fileRef = E7641F6621E58C9C00E5EC38 /* Assets.xcassets */; };
		E7641F6A21E58C9C00E5EC38 /* LaunchScreen.storyboard in Resources */ = {isa = PBXBuildFile; fileRef = E7641F6821E58C9C00E5EC38 /* LaunchScreen.storyboard */; };
		E7641F7521E58C9C00E5EC38 /* shopify_merchant_inventory_appTests.swift in Sources */ = {isa = PBXBuildFile; fileRef = E7641F7421E58C9C00E5EC38 /* shopify_merchant_inventory_appTests.swift */; };
		E7641F8021E58C9C00E5EC38 /* shopify_merchant_inventory_appUITests.swift in Sources */ = {isa = PBXBuildFile; fileRef = E7641F7F21E58C9C00E5EC38 /* shopify_merchant_inventory_appUITests.swift */; };
		E7641FA121E63B9700E5EC38 /* Collection.swift in Sources */ = {isa = PBXBuildFile; fileRef = E7641FA021E63B9700E5EC38 /* Collection.swift */; };
		E7641FA521E63BA700E5EC38 /* BaseCell.swift in Sources */ = {isa = PBXBuildFile; fileRef = E7641FA221E63BA700E5EC38 /* BaseCell.swift */; };
		E7641FA621E63BA700E5EC38 /* CollectionCell.swift in Sources */ = {isa = PBXBuildFile; fileRef = E7641FA321E63BA700E5EC38 /* CollectionCell.swift */; };
		E7641FA721E63BA700E5EC38 /* CustomImageView.swift in Sources */ = {isa = PBXBuildFile; fileRef = E7641FA421E63BA700E5EC38 /* CustomImageView.swift */; };
		E7641FA921E63BCF00E5EC38 /* CollectionListController.swift in Sources */ = {isa = PBXBuildFile; fileRef = E7641FA821E63BCF00E5EC38 /* CollectionListController.swift */; };
		E7641FAB21E63BD800E5EC38 /* APIService.swift in Sources */ = {isa = PBXBuildFile; fileRef = E7641FAA21E63BD800E5EC38 /* APIService.swift */; };
		E7641FAD21E63BEA00E5EC38 /* Extensions.swift in Sources */ = {isa = PBXBuildFile; fileRef = E7641FAC21E63BEA00E5EC38 /* Extensions.swift */; };
		E7641FAE21E63C7800E5EC38 /* CollectionListController.swift in Sources */ = {isa = PBXBuildFile; fileRef = E7641FA821E63BCF00E5EC38 /* CollectionListController.swift */; };
		E7641FAF21E63C7900E5EC38 /* CollectionListController.swift in Sources */ = {isa = PBXBuildFile; fileRef = E7641FA821E63BCF00E5EC38 /* CollectionListController.swift */; };
/* End PBXBuildFile section */

/* Begin PBXContainerItemProxy section */
		E7641F7121E58C9C00E5EC38 /* PBXContainerItemProxy */ = {
			isa = PBXContainerItemProxy;
			containerPortal = E7641F5421E58C9B00E5EC38 /* Project object */;
			proxyType = 1;
			remoteGlobalIDString = E7641F5B21E58C9B00E5EC38;
			remoteInfo = "shopify-merchant-inventory-app";
		};
		E7641F7C21E58C9C00E5EC38 /* PBXContainerItemProxy */ = {
			isa = PBXContainerItemProxy;
			containerPortal = E7641F5421E58C9B00E5EC38 /* Project object */;
			proxyType = 1;
			remoteGlobalIDString = E7641F5B21E58C9B00E5EC38;
			remoteInfo = "shopify-merchant-inventory-app";
		};
/* End PBXContainerItemProxy section */

/* Begin PBXFileReference section */
		E7641F5C21E58C9B00E5EC38 /* shopify-merchant-inventory-app.app */ = {isa = PBXFileReference; explicitFileType = wrapper.application; includeInIndex = 0; path = "shopify-merchant-inventory-app.app"; sourceTree = BUILT_PRODUCTS_DIR; };
		E7641F5F21E58C9B00E5EC38 /* AppDelegate.swift */ = {isa = PBXFileReference; lastKnownFileType = sourcecode.swift; path = AppDelegate.swift; sourceTree = "<group>"; };
		E7641F6421E58C9C00E5EC38 /* Base */ = {isa = PBXFileReference; lastKnownFileType = file.storyboard; name = Base; path = Base.lproj/Main.storyboard; sourceTree = "<group>"; };
		E7641F6621E58C9C00E5EC38 /* Assets.xcassets */ = {isa = PBXFileReference; lastKnownFileType = folder.assetcatalog; path = Assets.xcassets; sourceTree = "<group>"; };
		E7641F6921E58C9C00E5EC38 /* Base */ = {isa = PBXFileReference; lastKnownFileType = file.storyboard; name = Base; path = Base.lproj/LaunchScreen.storyboard; sourceTree = "<group>"; };
		E7641F6B21E58C9C00E5EC38 /* Info.plist */ = {isa = PBXFileReference; lastKnownFileType = text.plist.xml; path = Info.plist; sourceTree = "<group>"; };
		E7641F7021E58C9C00E5EC38 /* shopify-merchant-inventory-appTests.xctest */ = {isa = PBXFileReference; explicitFileType = wrapper.cfbundle; includeInIndex = 0; path = "shopify-merchant-inventory-appTests.xctest"; sourceTree = BUILT_PRODUCTS_DIR; };
		E7641F7421E58C9C00E5EC38 /* shopify_merchant_inventory_appTests.swift */ = {isa = PBXFileReference; lastKnownFileType = sourcecode.swift; path = shopify_merchant_inventory_appTests.swift; sourceTree = "<group>"; };
		E7641F7621E58C9C00E5EC38 /* Info.plist */ = {isa = PBXFileReference; lastKnownFileType = text.plist.xml; path = Info.plist; sourceTree = "<group>"; };
		E7641F7B21E58C9C00E5EC38 /* shopify-merchant-inventory-appUITests.xctest */ = {isa = PBXFileReference; explicitFileType = wrapper.cfbundle; includeInIndex = 0; path = "shopify-merchant-inventory-appUITests.xctest"; sourceTree = BUILT_PRODUCTS_DIR; };
		E7641F7F21E58C9C00E5EC38 /* shopify_merchant_inventory_appUITests.swift */ = {isa = PBXFileReference; lastKnownFileType = sourcecode.swift; path = shopify_merchant_inventory_appUITests.swift; sourceTree = "<group>"; };
		E7641F8121E58C9C00E5EC38 /* Info.plist */ = {isa = PBXFileReference; lastKnownFileType = text.plist.xml; path = Info.plist; sourceTree = "<group>"; };
		E7641FA021E63B9700E5EC38 /* Collection.swift */ = {isa = PBXFileReference; fileEncoding = 4; lastKnownFileType = sourcecode.swift; name = Collection.swift; path = Model/Collection.swift; sourceTree = "<group>"; };
		E7641FA221E63BA700E5EC38 /* BaseCell.swift */ = {isa = PBXFileReference; fileEncoding = 4; lastKnownFileType = sourcecode.swift; name = BaseCell.swift; path = View/BaseCell.swift; sourceTree = "<group>"; };
		E7641FA321E63BA700E5EC38 /* CollectionCell.swift */ = {isa = PBXFileReference; fileEncoding = 4; lastKnownFileType = sourcecode.swift; name = CollectionCell.swift; path = View/CollectionCell.swift; sourceTree = "<group>"; };
		E7641FA421E63BA700E5EC38 /* CustomImageView.swift */ = {isa = PBXFileReference; fileEncoding = 4; lastKnownFileType = sourcecode.swift; name = CustomImageView.swift; path = View/CustomImageView.swift; sourceTree = "<group>"; };
		E7641FA821E63BCF00E5EC38 /* CollectionListController.swift */ = {isa = PBXFileReference; fileEncoding = 4; lastKnownFileType = sourcecode.swift; name = CollectionListController.swift; path = Controller/CollectionListController.swift; sourceTree = "<group>"; };
		E7641FAA21E63BD800E5EC38 /* APIService.swift */ = {isa = PBXFileReference; fileEncoding = 4; lastKnownFileType = sourcecode.swift; name = APIService.swift; path = API/APIService.swift; sourceTree = "<group>"; };
		E7641FAC21E63BEA00E5EC38 /* Extensions.swift */ = {isa = PBXFileReference; fileEncoding = 4; lastKnownFileType = sourcecode.swift; name = Extensions.swift; path = Helpers/Extensions.swift; sourceTree = "<group>"; };
/* End PBXFileReference section */

/* Begin PBXFrameworksBuildPhase section */
		E7641F5921E58C9B00E5EC38 /* Frameworks */ = {
			isa = PBXFrameworksBuildPhase;
			buildActionMask = 2147483647;
			files = (
			);
			runOnlyForDeploymentPostprocessing = 0;
		};
		E7641F6D21E58C9C00E5EC38 /* Frameworks */ = {
			isa = PBXFrameworksBuildPhase;
			buildActionMask = 2147483647;
			files = (
			);
			runOnlyForDeploymentPostprocessing = 0;
		};
		E7641F7821E58C9C00E5EC38 /* Frameworks */ = {
			isa = PBXFrameworksBuildPhase;
			buildActionMask = 2147483647;
			files = (
			);
			runOnlyForDeploymentPostprocessing = 0;
		};
/* End PBXFrameworksBuildPhase section */

/* Begin PBXGroup section */
		E7641F5321E58C9B00E5EC38 = {
			isa = PBXGroup;
			children = (
				E7641F5E21E58C9B00E5EC38 /* shopify-merchant-inventory-app */,
				E7641F7321E58C9C00E5EC38 /* shopify-merchant-inventory-appTests */,
				E7641F7E21E58C9C00E5EC38 /* shopify-merchant-inventory-appUITests */,
				E7641F5D21E58C9B00E5EC38 /* Products */,
			);
			sourceTree = "<group>";
		};
		E7641F5D21E58C9B00E5EC38 /* Products */ = {
			isa = PBXGroup;
			children = (
				E7641F5C21E58C9B00E5EC38 /* shopify-merchant-inventory-app.app */,
				E7641F7021E58C9C00E5EC38 /* shopify-merchant-inventory-appTests.xctest */,
				E7641F7B21E58C9C00E5EC38 /* shopify-merchant-inventory-appUITests.xctest */,
			);
			name = Products;
			sourceTree = "<group>";
		};
		E7641F5E21E58C9B00E5EC38 /* shopify-merchant-inventory-app */ = {
			isa = PBXGroup;
			children = (
				E7641F9021E5917300E5EC38 /* Model */,
				E7641F8F21E5916800E5EC38 /* View */,
				E7641F9121E5918000E5EC38 /* Controller */,
				E7641F9E21E5C32600E5EC38 /* API */,
				E7641F9F21E5C33400E5EC38 /* Helpers */,
				E7641F5F21E58C9B00E5EC38 /* AppDelegate.swift */,
				E7641F6321E58C9C00E5EC38 /* Main.storyboard */,
				E7641F6621E58C9C00E5EC38 /* Assets.xcassets */,
				E7641F6821E58C9C00E5EC38 /* LaunchScreen.storyboard */,
				E7641F6B21E58C9C00E5EC38 /* Info.plist */,
			);
			path = "shopify-merchant-inventory-app";
			sourceTree = "<group>";
		};
		E7641F7321E58C9C00E5EC38 /* shopify-merchant-inventory-appTests */ = {
			isa = PBXGroup;
			children = (
				E7641F7421E58C9C00E5EC38 /* shopify_merchant_inventory_appTests.swift */,
				E7641F7621E58C9C00E5EC38 /* Info.plist */,
			);
			path = "shopify-merchant-inventory-appTests";
			sourceTree = "<group>";
		};
		E7641F7E21E58C9C00E5EC38 /* shopify-merchant-inventory-appUITests */ = {
			isa = PBXGroup;
			children = (
				E7641F7F21E58C9C00E5EC38 /* shopify_merchant_inventory_appUITests.swift */,
				E7641F8121E58C9C00E5EC38 /* Info.plist */,
			);
			path = "shopify-merchant-inventory-appUITests";
			sourceTree = "<group>";
		};
		E7641F8F21E5916800E5EC38 /* View */ = {
			isa = PBXGroup;
			children = (
				E7641FA221E63BA700E5EC38 /* BaseCell.swift */,
				E7641FA321E63BA700E5EC38 /* CollectionCell.swift */,
				E7641FA421E63BA700E5EC38 /* CustomImageView.swift */,
			);
			name = View;
			sourceTree = "<group>";
		};
		E7641F9021E5917300E5EC38 /* Model */ = {
			isa = PBXGroup;
			children = (
				E7641FA021E63B9700E5EC38 /* Collection.swift */,
			);
			name = Model;
			sourceTree = "<group>";
		};
		E7641F9121E5918000E5EC38 /* Controller */ = {
			isa = PBXGroup;
			children = (
				E7641FA821E63BCF00E5EC38 /* CollectionListController.swift */,
			);
			name = Controller;
			sourceTree = "<group>";
		};
		E7641F9E21E5C32600E5EC38 /* API */ = {
			isa = PBXGroup;
			children = (
				E7641FAA21E63BD800E5EC38 /* APIService.swift */,
			);
			name = API;
			sourceTree = "<group>";
		};
		E7641F9F21E5C33400E5EC38 /* Helpers */ = {
			isa = PBXGroup;
			children = (
				E7641FAC21E63BEA00E5EC38 /* Extensions.swift */,
			);
			name = Helpers;
			sourceTree = "<group>";
		};
/* End PBXGroup section */

/* Begin PBXNativeTarget section */
		E7641F5B21E58C9B00E5EC38 /* shopify-merchant-inventory-app */ = {
			isa = PBXNativeTarget;
			buildConfigurationList = E7641F8421E58C9C00E5EC38 /* Build configuration list for PBXNativeTarget "shopify-merchant-inventory-app" */;
			buildPhases = (
				E7641F5821E58C9B00E5EC38 /* Sources */,
				E7641F5921E58C9B00E5EC38 /* Frameworks */,
				E7641F5A21E58C9B00E5EC38 /* Resources */,
			);
			buildRules = (
			);
			dependencies = (
			);
			name = "shopify-merchant-inventory-app";
			productName = "shopify-merchant-inventory-app";
			productReference = E7641F5C21E58C9B00E5EC38 /* shopify-merchant-inventory-app.app */;
			productType = "com.apple.product-type.application";
		};
		E7641F6F21E58C9C00E5EC38 /* shopify-merchant-inventory-appTests */ = {
			isa = PBXNativeTarget;
			buildConfigurationList = E7641F8721E58C9C00E5EC38 /* Build configuration list for PBXNativeTarget "shopify-merchant-inventory-appTests" */;
			buildPhases = (
				E7641F6C21E58C9C00E5EC38 /* Sources */,
				E7641F6D21E58C9C00E5EC38 /* Frameworks */,
				E7641F6E21E58C9C00E5EC38 /* Resources */,
			);
			buildRules = (
			);
			dependencies = (
				E7641F7221E58C9C00E5EC38 /* PBXTargetDependency */,
			);
			name = "shopify-merchant-inventory-appTests";
			productName = "shopify-merchant-inventory-appTests";
			productReference = E7641F7021E58C9C00E5EC38 /* shopify-merchant-inventory-appTests.xctest */;
			productType = "com.apple.product-type.bundle.unit-test";
		};
		E7641F7A21E58C9C00E5EC38 /* shopify-merchant-inventory-appUITests */ = {
			isa = PBXNativeTarget;
			buildConfigurationList = E7641F8A21E58C9C00E5EC38 /* Build configuration list for PBXNativeTarget "shopify-merchant-inventory-appUITests" */;
			buildPhases = (
				E7641F7721E58C9C00E5EC38 /* Sources */,
				E7641F7821E58C9C00E5EC38 /* Frameworks */,
				E7641F7921E58C9C00E5EC38 /* Resources */,
			);
			buildRules = (
			);
			dependencies = (
				E7641F7D21E58C9C00E5EC38 /* PBXTargetDependency */,
			);
			name = "shopify-merchant-inventory-appUITests";
			productName = "shopify-merchant-inventory-appUITests";
			productReference = E7641F7B21E58C9C00E5EC38 /* shopify-merchant-inventory-appUITests.xctest */;
			productType = "com.apple.product-type.bundle.ui-testing";
		};
/* End PBXNativeTarget section */

/* Begin PBXProject section */
		E7641F5421E58C9B00E5EC38 /* Project object */ = {
			isa = PBXProject;
			attributes = {
				LastSwiftUpdateCheck = 0830;
				LastUpgradeCheck = 0830;
				ORGANIZATIONNAME = "Maliha Islam";
				TargetAttributes = {
					E7641F5B21E58C9B00E5EC38 = {
						CreatedOnToolsVersion = 8.3.3;
						DevelopmentTeam = 3XJ46ZHLH3;
						LastSwiftMigration = 0830;
						ProvisioningStyle = Automatic;
					};
					E7641F6F21E58C9C00E5EC38 = {
						CreatedOnToolsVersion = 8.3.3;
						DevelopmentTeam = 3XJ46ZHLH3;
						LastSwiftMigration = 0830;
						ProvisioningStyle = Automatic;
						TestTargetID = E7641F5B21E58C9B00E5EC38;
					};
					E7641F7A21E58C9C00E5EC38 = {
						CreatedOnToolsVersion = 8.3.3;
						DevelopmentTeam = 3XJ46ZHLH3;
						LastSwiftMigration = 0830;
						ProvisioningStyle = Automatic;
						TestTargetID = E7641F5B21E58C9B00E5EC38;
					};
				};
			};
			buildConfigurationList = E7641F5721E58C9B00E5EC38 /* Build configuration list for PBXProject "shopify-merchant-inventory-app" */;
			compatibilityVersion = "Xcode 3.2";
			developmentRegion = English;
			hasScannedForEncodings = 0;
			knownRegions = (
				en,
				Base,
			);
			mainGroup = E7641F5321E58C9B00E5EC38;
			productRefGroup = E7641F5D21E58C9B00E5EC38 /* Products */;
			projectDirPath = "";
			projectRoot = "";
			targets = (
				E7641F5B21E58C9B00E5EC38 /* shopify-merchant-inventory-app */,
				E7641F6F21E58C9C00E5EC38 /* shopify-merchant-inventory-appTests */,
				E7641F7A21E58C9C00E5EC38 /* shopify-merchant-inventory-appUITests */,
			);
		};
/* End PBXProject section */

/* Begin PBXResourcesBuildPhase section */
		E7641F5A21E58C9B00E5EC38 /* Resources */ = {
			isa = PBXResourcesBuildPhase;
			buildActionMask = 2147483647;
			files = (
				E7641F6A21E58C9C00E5EC38 /* LaunchScreen.storyboard in Resources */,
				E7641F6721E58C9C00E5EC38 /* Assets.xcassets in Resources */,
				E7641F6521E58C9C00E5EC38 /* Main.storyboard in Resources */,
			);
			runOnlyForDeploymentPostprocessing = 0;
		};
		E7641F6E21E58C9C00E5EC38 /* Resources */ = {
			isa = PBXResourcesBuildPhase;
			buildActionMask = 2147483647;
			files = (
			);
			runOnlyForDeploymentPostprocessing = 0;
		};
		E7641F7921E58C9C00E5EC38 /* Resources */ = {
			isa = PBXResourcesBuildPhase;
			buildActionMask = 2147483647;
			files = (
			);
			runOnlyForDeploymentPostprocessing = 0;
		};
/* End PBXResourcesBuildPhase section */

/* Begin PBXSourcesBuildPhase section */
		E7641F5821E58C9B00E5EC38 /* Sources */ = {
			isa = PBXSourcesBuildPhase;
			buildActionMask = 2147483647;
			files = (
				E7641FA121E63B9700E5EC38 /* Collection.swift in Sources */,
				E7641F6021E58C9B00E5EC38 /* AppDelegate.swift in Sources */,
				E7641FA521E63BA700E5EC38 /* BaseCell.swift in Sources */,
				E7641FAD21E63BEA00E5EC38 /* Extensions.swift in Sources */,
				E7641FA721E63BA700E5EC38 /* CustomImageView.swift in Sources */,
				E7641FA921E63BCF00E5EC38 /* CollectionListController.swift in Sources */,
				E7641FAB21E63BD800E5EC38 /* APIService.swift in Sources */,
				E7641FA621E63BA700E5EC38 /* CollectionCell.swift in Sources */,
			);
			runOnlyForDeploymentPostprocessing = 0;
		};
		E7641F6C21E58C9C00E5EC38 /* Sources */ = {
			isa = PBXSourcesBuildPhase;
			buildActionMask = 2147483647;
			files = (
				E7641F7521E58C9C00E5EC38 /* shopify_merchant_inventory_appTests.swift in Sources */,
				E7641FAE21E63C7800E5EC38 /* CollectionListController.swift in Sources */,
			);
			runOnlyForDeploymentPostprocessing = 0;
		};
		E7641F7721E58C9C00E5EC38 /* Sources */ = {
			isa = PBXSourcesBuildPhase;
			buildActionMask = 2147483647;
			files = (
				E7641F8021E58C9C00E5EC38 /* shopify_merchant_inventory_appUITests.swift in Sources */,
				E7641FAF21E63C7900E5EC38 /* CollectionListController.swift in Sources */,
			);
			runOnlyForDeploymentPostprocessing = 0;
		};
/* End PBXSourcesBuildPhase section */

/* Begin PBXTargetDependency section */
		E7641F7221E58C9C00E5EC38 /* PBXTargetDependency */ = {
			isa = PBXTargetDependency;
			target = E7641F5B21E58C9B00E5EC38 /* shopify-merchant-inventory-app */;
			targetProxy = E7641F7121E58C9C00E5EC38 /* PBXContainerItemProxy */;
		};
		E7641F7D21E58C9C00E5EC38 /* PBXTargetDependency */ = {
			isa = PBXTargetDependency;
			target = E7641F5B21E58C9B00E5EC38 /* shopify-merchant-inventory-app */;
			targetProxy = E7641F7C21E58C9C00E5EC38 /* PBXContainerItemProxy */;
		};
/* End PBXTargetDependency section */

/* Begin PBXVariantGroup section */
		E7641F6321E58C9C00E5EC38 /* Main.storyboard */ = {
			isa = PBXVariantGroup;
			children = (
				E7641F6421E58C9C00E5EC38 /* Base */,
			);
			name = Main.storyboard;
			sourceTree = "<group>";
		};
		E7641F6821E58C9C00E5EC38 /* LaunchScreen.storyboard */ = {
			isa = PBXVariantGroup;
			children = (
				E7641F6921E58C9C00E5EC38 /* Base */,
			);
			name = LaunchScreen.storyboard;
			sourceTree = "<group>";
		};
/* End PBXVariantGroup section */

/* Begin XCBuildConfiguration section */
		E7641F8221E58C9C00E5EC38 /* Debug */ = {
			isa = XCBuildConfiguration;
			buildSettings = {
				ALWAYS_SEARCH_USER_PATHS = NO;
				CLANG_ANALYZER_NONNULL = YES;
				CLANG_ANALYZER_NUMBER_OBJECT_CONVERSION = YES_AGGRESSIVE;
				CLANG_CXX_LANGUAGE_STANDARD = "gnu++0x";
				CLANG_CXX_LIBRARY = "libc++";
				CLANG_ENABLE_MODULES = YES;
				CLANG_ENABLE_OBJC_ARC = YES;
				CLANG_WARN_BOOL_CONVERSION = YES;
				CLANG_WARN_CONSTANT_CONVERSION = YES;
				CLANG_WARN_DIRECT_OBJC_ISA_USAGE = YES_ERROR;
				CLANG_WARN_DOCUMENTATION_COMMENTS = YES;
				CLANG_WARN_EMPTY_BODY = YES;
				CLANG_WARN_ENUM_CONVERSION = YES;
				CLANG_WARN_INFINITE_RECURSION = YES;
				CLANG_WARN_INT_CONVERSION = YES;
				CLANG_WARN_OBJC_ROOT_CLASS = YES_ERROR;
				CLANG_WARN_SUSPICIOUS_MOVE = YES;
				CLANG_WARN_UNREACHABLE_CODE = YES;
				CLANG_WARN__DUPLICATE_METHOD_MATCH = YES;
				"CODE_SIGN_IDENTITY[sdk=iphoneos*]" = "iPhone Developer";
				COPY_PHASE_STRIP = NO;
				DEBUG_INFORMATION_FORMAT = dwarf;
				ENABLE_STRICT_OBJC_MSGSEND = YES;
				ENABLE_TESTABILITY = YES;
				GCC_C_LANGUAGE_STANDARD = gnu99;
				GCC_DYNAMIC_NO_PIC = NO;
				GCC_NO_COMMON_BLOCKS = YES;
				GCC_OPTIMIZATION_LEVEL = 0;
				GCC_PREPROCESSOR_DEFINITIONS = (
					"DEBUG=1",
					"$(inherited)",
				);
				GCC_WARN_64_TO_32_BIT_CONVERSION = YES;
				GCC_WARN_ABOUT_RETURN_TYPE = YES_ERROR;
				GCC_WARN_UNDECLARED_SELECTOR = YES;
				GCC_WARN_UNINITIALIZED_AUTOS = YES_AGGRESSIVE;
				GCC_WARN_UNUSED_FUNCTION = YES;
				GCC_WARN_UNUSED_VARIABLE = YES;
				IPHONEOS_DEPLOYMENT_TARGET = 10.3;
				MTL_ENABLE_DEBUG_INFO = YES;
				ONLY_ACTIVE_ARCH = YES;
				SDKROOT = iphoneos;
				SWIFT_ACTIVE_COMPILATION_CONDITIONS = DEBUG;
				SWIFT_OPTIMIZATION_LEVEL = "-Onone";
				TARGETED_DEVICE_FAMILY = "1,2";
			};
			name = Debug;
		};
		E7641F8321E58C9C00E5EC38 /* Release */ = {
			isa = XCBuildConfiguration;
			buildSettings = {
				ALWAYS_SEARCH_USER_PATHS = NO;
				CLANG_ANALYZER_NONNULL = YES;
				CLANG_ANALYZER_NUMBER_OBJECT_CONVERSION = YES_AGGRESSIVE;
				CLANG_CXX_LANGUAGE_STANDARD = "gnu++0x";
				CLANG_CXX_LIBRARY = "libc++";
				CLANG_ENABLE_MODULES = YES;
				CLANG_ENABLE_OBJC_ARC = YES;
				CLANG_WARN_BOOL_CONVERSION = YES;
				CLANG_WARN_CONSTANT_CONVERSION = YES;
				CLANG_WARN_DIRECT_OBJC_ISA_USAGE = YES_ERROR;
				CLANG_WARN_DOCUMENTATION_COMMENTS = YES;
				CLANG_WARN_EMPTY_BODY = YES;
				CLANG_WARN_ENUM_CONVERSION = YES;
				CLANG_WARN_INFINITE_RECURSION = YES;
				CLANG_WARN_INT_CONVERSION = YES;
				CLANG_WARN_OBJC_ROOT_CLASS = YES_ERROR;
				CLANG_WARN_SUSPICIOUS_MOVE = YES;
				CLANG_WARN_UNREACHABLE_CODE = YES;
				CLANG_WARN__DUPLICATE_METHOD_MATCH = YES;
				"CODE_SIGN_IDENTITY[sdk=iphoneos*]" = "iPhone Developer";
				COPY_PHASE_STRIP = NO;
				DEBUG_INFORMATION_FORMAT = "dwarf-with-dsym";
				ENABLE_NS_ASSERTIONS = NO;
				ENABLE_STRICT_OBJC_MSGSEND = YES;
				GCC_C_LANGUAGE_STANDARD = gnu99;
				GCC_NO_COMMON_BLOCKS = YES;
				GCC_WARN_64_TO_32_BIT_CONVERSION = YES;
				GCC_WARN_ABOUT_RETURN_TYPE = YES_ERROR;
				GCC_WARN_UNDECLARED_SELECTOR = YES;
				GCC_WARN_UNINITIALIZED_AUTOS = YES_AGGRESSIVE;
				GCC_WARN_UNUSED_FUNCTION = YES;
				GCC_WARN_UNUSED_VARIABLE = YES;
				IPHONEOS_DEPLOYMENT_TARGET = 10.3;
				MTL_ENABLE_DEBUG_INFO = NO;
				SDKROOT = iphoneos;
				SWIFT_OPTIMIZATION_LEVEL = "-Owholemodule";
				TARGETED_DEVICE_FAMILY = "1,2";
				VALIDATE_PRODUCT = YES;
			};
			name = Release;
		};
		E7641F8521E58C9C00E5EC38 /* Debug */ = {
			isa = XCBuildConfiguration;
			buildSettings = {
				ASSETCATALOG_COMPILER_APPICON_NAME = AppIcon;
				DEVELOPMENT_TEAM = 3XJ46ZHLH3;
				INFOPLIST_FILE = "shopify-merchant-inventory-app/Info.plist";
				LD_RUNPATH_SEARCH_PATHS = "$(inherited) @executable_path/Frameworks";
				PRODUCT_BUNDLE_IDENTIFIER = "xyz.shopify-merchant-inventory-app";
				PRODUCT_NAME = "$(TARGET_NAME)";
				SWIFT_VERSION = 3.0;
			};
			name = Debug;
		};
		E7641F8621E58C9C00E5EC38 /* Release */ = {
			isa = XCBuildConfiguration;
			buildSettings = {
				ASSETCATALOG_COMPILER_APPICON_NAME = AppIcon;
				DEVELOPMENT_TEAM = 3XJ46ZHLH3;
				INFOPLIST_FILE = "shopify-merchant-inventory-app/Info.plist";
				LD_RUNPATH_SEARCH_PATHS = "$(inherited) @executable_path/Frameworks";
				PRODUCT_BUNDLE_IDENTIFIER = "xyz.shopify-merchant-inventory-app";
				PRODUCT_NAME = "$(TARGET_NAME)";
				SWIFT_VERSION = 3.0;
			};
			name = Release;
		};
		E7641F8821E58C9C00E5EC38 /* Debug */ = {
			isa = XCBuildConfiguration;
			buildSettings = {
				ALWAYS_EMBED_SWIFT_STANDARD_LIBRARIES = YES;
				BUNDLE_LOADER = "$(TEST_HOST)";
				DEVELOPMENT_TEAM = 3XJ46ZHLH3;
				INFOPLIST_FILE = "shopify-merchant-inventory-appTests/Info.plist";
				LD_RUNPATH_SEARCH_PATHS = "$(inherited) @executable_path/Frameworks @loader_path/Frameworks";
				PRODUCT_BUNDLE_IDENTIFIER = "xyz.shopify-merchant-inventory-appTests";
				PRODUCT_NAME = "$(TARGET_NAME)";
				SWIFT_VERSION = 3.0;
				TEST_HOST = "$(BUILT_PRODUCTS_DIR)/shopify-merchant-inventory-app.app/shopify-merchant-inventory-app";
			};
			name = Debug;
		};
		E7641F8921E58C9C00E5EC38 /* Release */ = {
			isa = XCBuildConfiguration;
			buildSettings = {
				ALWAYS_EMBED_SWIFT_STANDARD_LIBRARIES = YES;
				BUNDLE_LOADER = "$(TEST_HOST)";
				DEVELOPMENT_TEAM = 3XJ46ZHLH3;
				INFOPLIST_FILE = "shopify-merchant-inventory-appTests/Info.plist";
				LD_RUNPATH_SEARCH_PATHS = "$(inherited) @executable_path/Frameworks @loader_path/Frameworks";
				PRODUCT_BUNDLE_IDENTIFIER = "xyz.shopify-merchant-inventory-appTests";
				PRODUCT_NAME = "$(TARGET_NAME)";
				SWIFT_VERSION = 3.0;
				TEST_HOST = "$(BUILT_PRODUCTS_DIR)/shopify-merchant-inventory-app.app/shopify-merchant-inventory-app";
			};
			name = Release;
		};
		E7641F8B21E58C9C00E5EC38 /* Debug */ = {
			isa = XCBuildConfiguration;
			buildSettings = {
				ALWAYS_EMBED_SWIFT_STANDARD_LIBRARIES = YES;
				DEVELOPMENT_TEAM = 3XJ46ZHLH3;
				INFOPLIST_FILE = "shopify-merchant-inventory-appUITests/Info.plist";
				LD_RUNPATH_SEARCH_PATHS = "$(inherited) @executable_path/Frameworks @loader_path/Frameworks";
				PRODUCT_BUNDLE_IDENTIFIER = "xyz.shopify-merchant-inventory-appUITests";
				PRODUCT_NAME = "$(TARGET_NAME)";
				SWIFT_VERSION = 3.0;
				TEST_TARGET_NAME = "shopify-merchant-inventory-app";
			};
			name = Debug;
		};
		E7641F8C21E58C9C00E5EC38 /* Release */ = {
			isa = XCBuildConfiguration;
			buildSettings = {
				ALWAYS_EMBED_SWIFT_STANDARD_LIBRARIES = YES;
				DEVELOPMENT_TEAM = 3XJ46ZHLH3;
				INFOPLIST_FILE = "shopify-merchant-inventory-appUITests/Info.plist";
				LD_RUNPATH_SEARCH_PATHS = "$(inherited) @executable_path/Frameworks @loader_path/Frameworks";
				PRODUCT_BUNDLE_IDENTIFIER = "xyz.shopify-merchant-inventory-appUITests";
				PRODUCT_NAME = "$(TARGET_NAME)";
				SWIFT_VERSION = 3.0;
				TEST_TARGET_NAME = "shopify-merchant-inventory-app";
			};
			name = Release;
		};
/* End XCBuildConfiguration section */

/* Begin XCConfigurationList section */
		E7641F5721E58C9B00E5EC38 /* Build configuration list for PBXProject "shopify-merchant-inventory-app" */ = {
			isa = XCConfigurationList;
			buildConfigurations = (
				E7641F8221E58C9C00E5EC38 /* Debug */,
				E7641F8321E58C9C00E5EC38 /* Release */,
			);
			defaultConfigurationIsVisible = 0;
			defaultConfigurationName = Release;
		};
		E7641F8421E58C9C00E5EC38 /* Build configuration list for PBXNativeTarget "shopify-merchant-inventory-app" */ = {
			isa = XCConfigurationList;
			buildConfigurations = (
				E7641F8521E58C9C00E5EC38 /* Debug */,
				E7641F8621E58C9C00E5EC38 /* Release */,
			);
			defaultConfigurationIsVisible = 0;
		};
		E7641F8721E58C9C00E5EC38 /* Build configuration list for PBXNativeTarget "shopify-merchant-inventory-appTests" */ = {
			isa = XCConfigurationList;
			buildConfigurations = (
				E7641F8821E58C9C00E5EC38 /* Debug */,
				E7641F8921E58C9C00E5EC38 /* Release */,
			);
			defaultConfigurationIsVisible = 0;
		};
		E7641F8A21E58C9C00E5EC38 /* Build configuration list for PBXNativeTarget "shopify-merchant-inventory-appUITests" */ = {
			isa = XCConfigurationList;
			buildConfigurations = (
				E7641F8B21E58C9C00E5EC38 /* Debug */,
				E7641F8C21E58C9C00E5EC38 /* Release */,
			);
			defaultConfigurationIsVisible = 0;
		};
/* End XCConfigurationList section */
	};
	rootObject = E7641F5421E58C9B00E5EC38 /* Project object */;
}
